
Microsoft Visual Studio Solution File, Format Version 12.00
Project("{FAE04EC0-301F-11D3-BF4B-00C04F79EFBC}") = "AdventOfCode2022", "AdventOfCode2022\AdventOfCode2022.csproj", "{02588AA1-98EB-4073-A950-9A4B4E0FC5B8}"
EndProject
Project("{FAE04EC0-301F-11D3-BF4B-00C04F79EFBC}") = "D01_CalorieCounting", "D01_CalorieCounting\D01_CalorieCounting.csproj", "{0864CF73-5394-4014-B6A3-2D416B8FCA86}"
EndProject
Project("{FAE04EC0-301F-11D3-BF4B-00C04F79EFBC}") = "D02_RockPaperScissors", "D02_RockPaperScissors\D02_RockPaperScissors.csproj", "{61853501-8C90-4927-8F71-2BB893B580CD}"
EndProject
Project("{FAE04EC0-301F-11D3-BF4B-00C04F79EFBC}") = "D03_Rucksack", "D03_Rucksack\D03_Rucksack.csproj", "{EE5601EC-6908-423A-A637-485826A030E4}"
EndProject
Project("{FAE04EC0-301F-11D3-BF4B-00C04F79EFBC}") = "D04_DampCleanup", "D04_DampCleanup\D04_DampCleanup.csproj", "{76E6BAB9-4CD4-451B-925C-F9E503D2C67B}"
EndProject
Project("{FAE04EC0-301F-11D3-BF4B-00C04F79EFBC}") = "D05_Stack", "D05_Stack\D05_Stack.csproj", "{2BA91B4E-4572-4B6E-83FE-5A62AF9D16B2}"
EndProject
Project("{FAE04EC0-301F-11D3-BF4B-00C04F79EFBC}") = "D06_FindMarker", "D06_FindMarker\D06_FindMarker.csproj", "{11C2EC36-3778-4114-BA2E-0D8BC4351D34}"
EndProject
Project("{FAE04EC0-301F-11D3-BF4B-00C04F79EFBC}") = "D07_FileSystem", "D07_FileSystem\D07_FileSystem.csproj", "{0C11E7D7-D816-4027-B513-1AB18E51ECDD}"
EndProject
Project("{FAE04EC0-301F-11D3-BF4B-00C04F79EFBC}") = "D08_Trees", "D08_Trees\D08_Trees.csproj", "{7D8EA0FF-49E3-4B6F-BBDB-4F1E16E09A40}"
EndProject
Project("{FAE04EC0-301F-11D3-BF4B-00C04F79EFBC}") = "D09_RopeBridge", "D09_RopeBridge\D09_RopeBridge.csproj", "{768F0EAD-A964-4A93-830D-85DEEF9965EE}"
EndProject
Project("{FAE04EC0-301F-11D3-BF4B-00C04F79EFBC}") = "D10_CathodeRayTube", "D10_CathodeRayTube\D10_CathodeRayTube.csproj", "{F57FAA7A-489A-4950-A4A2-E778C1CFAB0C}"
EndProject
Project("{FAE04EC0-301F-11D3-BF4B-00C04F79EFBC}") = "D12_ShortestPath", "D12_ShortestPath\D12_ShortestPath.csproj", "{BA3F75FC-BA88-47ED-94BE-4EFD1CBB7B03}"
EndProject
Project("{FAE04EC0-301F-11D3-BF4B-00C04F79EFBC}") = "D11_Monkey", "D11_Monkey\D11_Monkey.csproj", "{6B44BDCB-69BA-4871-BD7A-FF5A5636B691}"
EndProject
Project("{FAE04EC0-301F-11D3-BF4B-00C04F79EFBC}") = "D13_DummeListe", "D13_DummeListe\D13_DummeListe.csproj", "{1441AACD-92E1-470C-8AE6-A984C4995B28}"
EndProject
Project("{FAE04EC0-301F-11D3-BF4B-00C04F79EFBC}") = "D14_Sand", "D14_Sand\D14_Sand.csproj", "{522015E9-66A0-415F-863F-DF2B4526E205}"
EndProject
Project("{FAE04EC0-301F-11D3-BF4B-00C04F79EFBC}") = "D18_BoilingBolders", "D18_BoilingBolders\D18_BoilingBolders.csproj", "{A7F70337-010E-4877-9DF0-63844BC3000E}"
EndProject
Global
	GlobalSection(SolutionConfigurationPlatforms) = preSolution
		Debug|Any CPU = Debug|Any CPU
		Release|Any CPU = Release|Any CPU
	EndGlobalSection
	GlobalSection(ProjectConfigurationPlatforms) = postSolution
		{02588AA1-98EB-4073-A950-9A4B4E0FC5B8}.Debug|Any CPU.ActiveCfg = Debug|Any CPU
		{02588AA1-98EB-4073-A950-9A4B4E0FC5B8}.Debug|Any CPU.Build.0 = Debug|Any CPU
		{02588AA1-98EB-4073-A950-9A4B4E0FC5B8}.Release|Any CPU.ActiveCfg = Release|Any CPU
		{02588AA1-98EB-4073-A950-9A4B4E0FC5B8}.Release|Any CPU.Build.0 = Release|Any CPU
		{30644F2E-926C-4F28-9510-4E4B6E763A4E}.Debug|Any CPU.ActiveCfg = Debug|Any CPU
		{30644F2E-926C-4F28-9510-4E4B6E763A4E}.Debug|Any CPU.Build.0 = Debug|Any CPU
		{30644F2E-926C-4F28-9510-4E4B6E763A4E}.Release|Any CPU.ActiveCfg = Release|Any CPU
		{30644F2E-926C-4F28-9510-4E4B6E763A4E}.Release|Any CPU.Build.0 = Release|Any CPU
		{6E1DE019-CBEA-4CF8-A025-3D298280954C}.Debug|Any CPU.ActiveCfg = Debug|Any CPU
		{6E1DE019-CBEA-4CF8-A025-3D298280954C}.Debug|Any CPU.Build.0 = Debug|Any CPU
		{6E1DE019-CBEA-4CF8-A025-3D298280954C}.Release|Any CPU.ActiveCfg = Release|Any CPU
		{6E1DE019-CBEA-4CF8-A025-3D298280954C}.Release|Any CPU.Build.0 = Release|Any CPU
		{8C5ECDC3-902D-43EC-8D8D-3839A6AC1BAD}.Debug|Any CPU.ActiveCfg = Debug|Any CPU
		{8C5ECDC3-902D-43EC-8D8D-3839A6AC1BAD}.Debug|Any CPU.Build.0 = Debug|Any CPU
		{8C5ECDC3-902D-43EC-8D8D-3839A6AC1BAD}.Release|Any CPU.ActiveCfg = Release|Any CPU
		{8C5ECDC3-902D-43EC-8D8D-3839A6AC1BAD}.Release|Any CPU.Build.0 = Release|Any CPU
		{EBDAAFC5-E5A8-439A-83EF-0E07B9FCE563}.Debug|Any CPU.ActiveCfg = Debug|Any CPU
		{EBDAAFC5-E5A8-439A-83EF-0E07B9FCE563}.Debug|Any CPU.Build.0 = Debug|Any CPU
		{EBDAAFC5-E5A8-439A-83EF-0E07B9FCE563}.Release|Any CPU.ActiveCfg = Release|Any CPU
		{EBDAAFC5-E5A8-439A-83EF-0E07B9FCE563}.Release|Any CPU.Build.0 = Release|Any CPU
		{820325D1-EA93-448A-99FD-1374B743F31A}.Debug|Any CPU.ActiveCfg = Debug|Any CPU
		{820325D1-EA93-448A-99FD-1374B743F31A}.Debug|Any CPU.Build.0 = Debug|Any CPU
		{820325D1-EA93-448A-99FD-1374B743F31A}.Release|Any CPU.ActiveCfg = Release|Any CPU
		{820325D1-EA93-448A-99FD-1374B743F31A}.Release|Any CPU.Build.0 = Release|Any CPU
		{0864CF73-5394-4014-B6A3-2D416B8FCA86}.Debug|Any CPU.ActiveCfg = Debug|Any CPU
		{0864CF73-5394-4014-B6A3-2D416B8FCA86}.Debug|Any CPU.Build.0 = Debug|Any CPU
		{0864CF73-5394-4014-B6A3-2D416B8FCA86}.Release|Any CPU.ActiveCfg = Release|Any CPU
		{0864CF73-5394-4014-B6A3-2D416B8FCA86}.Release|Any CPU.Build.0 = Release|Any CPU
		{61853501-8C90-4927-8F71-2BB893B580CD}.Debug|Any CPU.ActiveCfg = Debug|Any CPU
		{61853501-8C90-4927-8F71-2BB893B580CD}.Debug|Any CPU.Build.0 = Debug|Any CPU
		{61853501-8C90-4927-8F71-2BB893B580CD}.Release|Any CPU.ActiveCfg = Release|Any CPU
		{61853501-8C90-4927-8F71-2BB893B580CD}.Release|Any CPU.Build.0 = Release|Any CPU
		{EE5601EC-6908-423A-A637-485826A030E4}.Debug|Any CPU.ActiveCfg = Debug|Any CPU
		{EE5601EC-6908-423A-A637-485826A030E4}.Debug|Any CPU.Build.0 = Debug|Any CPU
		{EE5601EC-6908-423A-A637-485826A030E4}.Release|Any CPU.ActiveCfg = Release|Any CPU
		{EE5601EC-6908-423A-A637-485826A030E4}.Release|Any CPU.Build.0 = Release|Any CPU
		{76E6BAB9-4CD4-451B-925C-F9E503D2C67B}.Debug|Any CPU.ActiveCfg = Debug|Any CPU
		{76E6BAB9-4CD4-451B-925C-F9E503D2C67B}.Debug|Any CPU.Build.0 = Debug|Any CPU
		{76E6BAB9-4CD4-451B-925C-F9E503D2C67B}.Release|Any CPU.ActiveCfg = Release|Any CPU
		{76E6BAB9-4CD4-451B-925C-F9E503D2C67B}.Release|Any CPU.Build.0 = Release|Any CPU
		{2BA91B4E-4572-4B6E-83FE-5A62AF9D16B2}.Debug|Any CPU.ActiveCfg = Debug|Any CPU
		{2BA91B4E-4572-4B6E-83FE-5A62AF9D16B2}.Debug|Any CPU.Build.0 = Debug|Any CPU
		{2BA91B4E-4572-4B6E-83FE-5A62AF9D16B2}.Release|Any CPU.ActiveCfg = Release|Any CPU
		{2BA91B4E-4572-4B6E-83FE-5A62AF9D16B2}.Release|Any CPU.Build.0 = Release|Any CPU
		{11C2EC36-3778-4114-BA2E-0D8BC4351D34}.Debug|Any CPU.ActiveCfg = Debug|Any CPU
		{11C2EC36-3778-4114-BA2E-0D8BC4351D34}.Debug|Any CPU.Build.0 = Debug|Any CPU
		{11C2EC36-3778-4114-BA2E-0D8BC4351D34}.Release|Any CPU.ActiveCfg = Release|Any CPU
		{11C2EC36-3778-4114-BA2E-0D8BC4351D34}.Release|Any CPU.Build.0 = Release|Any CPU
		{0C11E7D7-D816-4027-B513-1AB18E51ECDD}.Debug|Any CPU.ActiveCfg = Debug|Any CPU
		{0C11E7D7-D816-4027-B513-1AB18E51ECDD}.Debug|Any CPU.Build.0 = Debug|Any CPU
		{0C11E7D7-D816-4027-B513-1AB18E51ECDD}.Release|Any CPU.ActiveCfg = Release|Any CPU
		{0C11E7D7-D816-4027-B513-1AB18E51ECDD}.Release|Any CPU.Build.0 = Release|Any CPU
		{7D8EA0FF-49E3-4B6F-BBDB-4F1E16E09A40}.Debug|Any CPU.ActiveCfg = Debug|Any CPU
		{7D8EA0FF-49E3-4B6F-BBDB-4F1E16E09A40}.Debug|Any CPU.Build.0 = Debug|Any CPU
		{7D8EA0FF-49E3-4B6F-BBDB-4F1E16E09A40}.Release|Any CPU.ActiveCfg = Release|Any CPU
		{7D8EA0FF-49E3-4B6F-BBDB-4F1E16E09A40}.Release|Any CPU.Build.0 = Release|Any CPU
		{768F0EAD-A964-4A93-830D-85DEEF9965EE}.Debug|Any CPU.ActiveCfg = Debug|Any CPU
		{768F0EAD-A964-4A93-830D-85DEEF9965EE}.Debug|Any CPU.Build.0 = Debug|Any CPU
		{768F0EAD-A964-4A93-830D-85DEEF9965EE}.Release|Any CPU.ActiveCfg = Release|Any CPU
		{768F0EAD-A964-4A93-830D-85DEEF9965EE}.Release|Any CPU.Build.0 = Release|Any CPU
		{F57FAA7A-489A-4950-A4A2-E778C1CFAB0C}.Debug|Any CPU.ActiveCfg = Debug|Any CPU
		{F57FAA7A-489A-4950-A4A2-E778C1CFAB0C}.Debug|Any CPU.Build.0 = Debug|Any CPU
		{F57FAA7A-489A-4950-A4A2-E778C1CFAB0C}.Release|Any CPU.ActiveCfg = Release|Any CPU
		{F57FAA7A-489A-4950-A4A2-E778C1CFAB0C}.Release|Any CPU.Build.0 = Release|Any CPU
		{BA3F75FC-BA88-47ED-94BE-4EFD1CBB7B03}.Debug|Any CPU.ActiveCfg = Debug|Any CPU
		{BA3F75FC-BA88-47ED-94BE-4EFD1CBB7B03}.Debug|Any CPU.Build.0 = Debug|Any CPU
		{BA3F75FC-BA88-47ED-94BE-4EFD1CBB7B03}.Release|Any CPU.ActiveCfg = Release|Any CPU
		{BA3F75FC-BA88-47ED-94BE-4EFD1CBB7B03}.Release|Any CPU.Build.0 = Release|Any CPU
		{6B44BDCB-69BA-4871-BD7A-FF5A5636B691}.Debug|Any CPU.ActiveCfg = Debug|Any CPU
		{6B44BDCB-69BA-4871-BD7A-FF5A5636B691}.Debug|Any CPU.Build.0 = Debug|Any CPU
		{6B44BDCB-69BA-4871-BD7A-FF5A5636B691}.Release|Any CPU.ActiveCfg = Release|Any CPU
		{6B44BDCB-69BA-4871-BD7A-FF5A5636B691}.Release|Any CPU.Build.0 = Release|Any CPU
		{1441AACD-92E1-470C-8AE6-A984C4995B28}.Debug|Any CPU.ActiveCfg = Debug|Any CPU
		{1441AACD-92E1-470C-8AE6-A984C4995B28}.Debug|Any CPU.Build.0 = Debug|Any CPU
		{1441AACD-92E1-470C-8AE6-A984C4995B28}.Release|Any CPU.ActiveCfg = Release|Any CPU
		{1441AACD-92E1-470C-8AE6-A984C4995B28}.Release|Any CPU.Build.0 = Release|Any CPU
		{522015E9-66A0-415F-863F-DF2B4526E205}.Debug|Any CPU.ActiveCfg = Debug|Any CPU
		{522015E9-66A0-415F-863F-DF2B4526E205}.Debug|Any CPU.Build.0 = Debug|Any CPU
		{522015E9-66A0-415F-863F-DF2B4526E205}.Release|Any CPU.ActiveCfg = Release|Any CPU
		{522015E9-66A0-415F-863F-DF2B4526E205}.Release|Any CPU.Build.0 = Release|Any CPU
		{A7F70337-010E-4877-9DF0-63844BC3000E}.Debug|Any CPU.ActiveCfg = Debug|Any CPU
		{A7F70337-010E-4877-9DF0-63844BC3000E}.Debug|Any CPU.Build.0 = Debug|Any CPU
		{A7F70337-010E-4877-9DF0-63844BC3000E}.Release|Any CPU.ActiveCfg = Release|Any CPU
		{A7F70337-010E-4877-9DF0-63844BC3000E}.Release|Any CPU.Build.0 = Release|Any CPU
	EndGlobalSection
EndGlobal
